
Microsoft Visual Studio Solution File, Format Version 12.00
# Visual Studio Version 17
VisualStudioVersion = 17.3.32825.248
MinimumVisualStudioVersion = 10.0.40219.1
Project("{FAE04EC0-301F-11D3-BF4B-00C04F79EFBC}") = "c2", "c2\c2.csproj", "{779195FB-940C-4A64-93E1-8AEE85707AFB}"
EndProject
Global
	GlobalSection(SolutionConfigurationPlatforms) = preSolution
		Debug|Any CPU = Debug|Any CPU
		Release|Any CPU = Release|Any CPU
	EndGlobalSection
	GlobalSection(ProjectConfigurationPlatforms) = postSolution
		{779195FB-940C-4A64-93E1-8AEE85707AFB}.Debug|Any CPU.ActiveCfg = Debug|Any CPU
		{779195FB-940C-4A64-93E1-8AEE85707AFB}.Debug|Any CPU.Build.0 = Debug|Any CPU
		{779195FB-940C-4A64-93E1-8AEE85707AFB}.Release|Any CPU.ActiveCfg = Release|Any CPU
		{779195FB-940C-4A64-93E1-8AEE85707AFB}.Release|Any CPU.Build.0 = Release|Any CPU
	EndGlobalSection
	GlobalSection(SolutionProperties) = preSolution
		HideSolutionNode = FALSE
	EndGlobalSection
	GlobalSection(ExtensibilityGlobals) = postSolution
		SolutionGuid = {014379AB-7932-4658-8037-097C190776D6}
	EndGlobalSection
EndGlobal
